{
  "originHash" : "42d286e5446b86f8dd56a7cf0f1db44334bba0db20665e8117b904d8a6668600",
  "pins" : [
    {
      "identity" : "vegadesignsystem",
      "kind" : "remoteSourceControl",
      "location" : "https://github.com/davilinho/vegaDesignSystem.git",
      "state" : {
        "branch" : "main",
        "revision" : "e09ca0c34fe5b6f83aeaa63e032924d629d5d14c"
      }
    }
  ],
  "version" : 3
}
