// !$*UTF8*$!
{
	archiveVersion = 1;
	classes = {
	};
	objectVersion = 56;
	objects = {

/* Begin PBXBuildFile section */
		D5FD21F32B7BD7320034E9C0 /* parkApp.swift in Sources */ = {isa = PBXBuildFile; fileRef = D5FD21F22B7BD7320034E9C0 /* parkApp.swift */; };
		D5FD21F52B7BD7320034E9C0 /* ContentView.swift in Sources */ = {isa = PBXBuildFile; fileRef = D5FD21F42B7BD7320034E9C0 /* ContentView.swift */; };
		D5FD21F72B7BD7320034E9C0 /* Item.swift in Sources */ = {isa = PBXBuildFile; fileRef = D5FD21F62B7BD7320034E9C0 /* Item.swift */; };
		D5FD21F92B7BD7330034E9C0 /* Assets.xcassets in Resources */ = {isa = PBXBuildFile; fileRef = D5FD21F82B7BD7330034E9C0 /* Assets.xcassets */; };
		D5FD21FD2B7BD7330034E9C0 /* Preview Assets.xcassets in Resources */ = {isa = PBXBuildFile; fileRef = D5FD21FC2B7BD7330034E9C0 /* Preview Assets.xcassets */; };
		D5FD22082B7BD7340034E9C0 /* parkTests.swift in Sources */ = {isa = PBXBuildFile; fileRef = D5FD22072B7BD7340034E9C0 /* parkTests.swift */; };
		D5FD22122B7BD7340034E9C0 /* parkUITests.swift in Sources */ = {isa = PBXBuildFile; fileRef = D5FD22112B7BD7340034E9C0 /* parkUITests.swift */; };
		D5FD22142B7BD7340034E9C0 /* parkUITestsLaunchTests.swift in Sources */ = {isa = PBXBuildFile; fileRef = D5FD22132B7BD7340034E9C0 /* parkUITestsLaunchTests.swift */; };
/* End PBXBuildFile section */

/* Begin PBXContainerItemProxy section */
		D5FD22042B7BD7340034E9C0 /* PBXContainerItemProxy */ = {
			isa = PBXContainerItemProxy;
			containerPortal = D5FD21E72B7BD7320034E9C0 /* Project object */;
			proxyType = 1;
			remoteGlobalIDString = D5FD21EE2B7BD7320034E9C0;
			remoteInfo = park;
		};
		D5FD220E2B7BD7340034E9C0 /* PBXContainerItemProxy */ = {
			isa = PBXContainerItemProxy;
			containerPortal = D5FD21E72B7BD7320034E9C0 /* Project object */;
			proxyType = 1;
			remoteGlobalIDString = D5FD21EE2B7BD7320034E9C0;
			remoteInfo = park;
		};
/* End PBXContainerItemProxy section */

/* Begin PBXFileReference section */
		D5FD21EF2B7BD7320034E9C0 /* park.app */ = {isa = PBXFileReference; explicitFileType = wrapper.application; includeInIndex = 0; path = park.app; sourceTree = BUILT_PRODUCTS_DIR; };
		D5FD21F22B7BD7320034E9C0 /* parkApp.swift */ = {isa = PBXFileReference; lastKnownFileType = sourcecode.swift; path = parkApp.swift; sourceTree = "<group>"; };
		D5FD21F42B7BD7320034E9C0 /* ContentView.swift */ = {isa = PBXFileReference; lastKnownFileType = sourcecode.swift; path = ContentView.swift; sourceTree = "<group>"; };
		D5FD21F62B7BD7320034E9C0 /* Item.swift */ = {isa = PBXFileReference; lastKnownFileType = sourcecode.swift; path = Item.swift; sourceTree = "<group>"; };
		D5FD21F82B7BD7330034E9C0 /* Assets.xcassets */ = {isa = PBXFileReference; lastKnownFileType = folder.assetcatalog; path = Assets.xcassets; sourceTree = "<group>"; };
		D5FD21FA2B7BD7330034E9C0 /* park.entitlements */ = {isa = PBXFileReference; lastKnownFileType = text.plist.entitlements; path = park.entitlements; sourceTree = "<group>"; };
		D5FD21FC2B7BD7330034E9C0 /* Preview Assets.xcassets */ = {isa = PBXFileReference; lastKnownFileType = folder.assetcatalog; path = "Preview Assets.xcassets"; sourceTree = "<group>"; };
		D5FD21FE2B7BD7330034E9C0 /* Info.plist */ = {isa = PBXFileReference; lastKnownFileType = text.plist.xml; path = Info.plist; sourceTree = "<group>"; };
		D5FD22032B7BD7340034E9C0 /* parkTests.xctest */ = {isa = PBXFileReference; explicitFileType = wrapper.cfbundle; includeInIndex = 0; path = parkTests.xctest; sourceTree = BUILT_PRODUCTS_DIR; };
		D5FD22072B7BD7340034E9C0 /* parkTests.swift */ = {isa = PBXFileReference; lastKnownFileType = sourcecode.swift; path = parkTests.swift; sourceTree = "<group>"; };
		D5FD220D2B7BD7340034E9C0 /* parkUITests.xctest */ = {isa = PBXFileReference; explicitFileType = wrapper.cfbundle; includeInIndex = 0; path = parkUITests.xctest; sourceTree = BUILT_PRODUCTS_DIR; };
		D5FD22112B7BD7340034E9C0 /* parkUITests.swift */ = {isa = PBXFileReference; lastKnownFileType = sourcecode.swift; path = parkUITests.swift; sourceTree = "<group>"; };
		D5FD22132B7BD7340034E9C0 /* parkUITestsLaunchTests.swift */ = {isa = PBXFileReference; lastKnownFileType = sourcecode.swift; path = parkUITestsLaunchTests.swift; sourceTree = "<group>"; };
/* End PBXFileReference section */

/* Begin PBXFrameworksBuildPhase section */
		D5FD21EC2B7BD7320034E9C0 /* Frameworks */ = {
			isa = PBXFrameworksBuildPhase;
			buildActionMask = 2147483647;
			files = (
			);
			runOnlyForDeploymentPostprocessing = 0;
		};
		D5FD22002B7BD7340034E9C0 /* Frameworks */ = {
			isa = PBXFrameworksBuildPhase;
			buildActionMask = 2147483647;
			files = (
			);
			runOnlyForDeploymentPostprocessing = 0;
		};
		D5FD220A2B7BD7340034E9C0 /* Frameworks */ = {
			isa = PBXFrameworksBuildPhase;
			buildActionMask = 2147483647;
			files = (
			);
			runOnlyForDeploymentPostprocessing = 0;
		};
/* End PBXFrameworksBuildPhase section */

/* Begin PBXGroup section */
		D5FD21E62B7BD7320034E9C0 = {
			isa = PBXGroup;
			children = (
				D5FD21F12B7BD7320034E9C0 /* park */,
				D5FD22062B7BD7340034E9C0 /* parkTests */,
				D5FD22102B7BD7340034E9C0 /* parkUITests */,
				D5FD21F02B7BD7320034E9C0 /* Products */,
			);
			sourceTree = "<group>";
		};
		D5FD21F02B7BD7320034E9C0 /* Products */ = {
			isa = PBXGroup;
			children = (
				D5FD21EF2B7BD7320034E9C0 /* park.app */,
				D5FD22032B7BD7340034E9C0 /* parkTests.xctest */,
				D5FD220D2B7BD7340034E9C0 /* parkUITests.xctest */,
			);
			name = Products;
			sourceTree = "<group>";
		};
		D5FD21F12B7BD7320034E9C0 /* park */ = {
			isa = PBXGroup;
			children = (
				D5FD21F22B7BD7320034E9C0 /* parkApp.swift */,
				D5FD21F42B7BD7320034E9C0 /* ContentView.swift */,
				D5FD21F62B7BD7320034E9C0 /* Item.swift */,
				D5FD21F82B7BD7330034E9C0 /* Assets.xcassets */,
				D5FD21FA2B7BD7330034E9C0 /* park.entitlements */,
				D5FD21FE2B7BD7330034E9C0 /* Info.plist */,
				D5FD21FB2B7BD7330034E9C0 /* Preview Content */,
			);
			path = park;
			sourceTree = "<group>";
		};
		D5FD21FB2B7BD7330034E9C0 /* Preview Content */ = {
			isa = PBXGroup;
			children = (
				D5FD21FC2B7BD7330034E9C0 /* Preview Assets.xcassets */,
			);
			path = "Preview Content";
			sourceTree = "<group>";
		};
		D5FD22062B7BD7340034E9C0 /* parkTests */ = {
			isa = PBXGroup;
			children = (
				D5FD22072B7BD7340034E9C0 /* parkTests.swift */,
			);
			path = parkTests;
			sourceTree = "<group>";
		};
		D5FD22102B7BD7340034E9C0 /* parkUITests */ = {
			isa = PBXGroup;
			children = (
				D5FD22112B7BD7340034E9C0 /* parkUITests.swift */,
				D5FD22132B7BD7340034E9C0 /* parkUITestsLaunchTests.swift */,
			);
			path = parkUITests;
			sourceTree = "<group>";
		};
/* End PBXGroup section */

/* Begin PBXNativeTarget section */
		D5FD21EE2B7BD7320034E9C0 /* park */ = {
			isa = PBXNativeTarget;
			buildConfigurationList = D5FD22172B7BD7340034E9C0 /* Build configuration list for PBXNativeTarget "park" */;
			buildPhases = (
				D5FD21EB2B7BD7320034E9C0 /* Sources */,
				D5FD21EC2B7BD7320034E9C0 /* Frameworks */,
				D5FD21ED2B7BD7320034E9C0 /* Resources */,
			);
			buildRules = (
			);
			dependencies = (
			);
			name = park;
			productName = park;
			productReference = D5FD21EF2B7BD7320034E9C0 /* park.app */;
			productType = "com.apple.product-type.application";
		};
		D5FD22022B7BD7340034E9C0 /* parkTests */ = {
			isa = PBXNativeTarget;
			buildConfigurationList = D5FD221A2B7BD7340034E9C0 /* Build configuration list for PBXNativeTarget "parkTests" */;
			buildPhases = (
				D5FD21FF2B7BD7340034E9C0 /* Sources */,
				D5FD22002B7BD7340034E9C0 /* Frameworks */,
				D5FD22012B7BD7340034E9C0 /* Resources */,
			);
			buildRules = (
			);
			dependencies = (
				D5FD22052B7BD7340034E9C0 /* PBXTargetDependency */,
			);
			name = parkTests;
			productName = parkTests;
			productReference = D5FD22032B7BD7340034E9C0 /* parkTests.xctest */;
			productType = "com.apple.product-type.bundle.unit-test";
		};
		D5FD220C2B7BD7340034E9C0 /* parkUITests */ = {
			isa = PBXNativeTarget;
			buildConfigurationList = D5FD221D2B7BD7340034E9C0 /* Build configuration list for PBXNativeTarget "parkUITests" */;
			buildPhases = (
				D5FD22092B7BD7340034E9C0 /* Sources */,
				D5FD220A2B7BD7340034E9C0 /* Frameworks */,
				D5FD220B2B7BD7340034E9C0 /* Resources */,
			);
			buildRules = (
			);
			dependencies = (
				D5FD220F2B7BD7340034E9C0 /* PBXTargetDependency */,
			);
			name = parkUITests;
			productName = parkUITests;
			productReference = D5FD220D2B7BD7340034E9C0 /* parkUITests.xctest */;
			productType = "com.apple.product-type.bundle.ui-testing";
		};
/* End PBXNativeTarget section */

/* Begin PBXProject section */
		D5FD21E72B7BD7320034E9C0 /* Project object */ = {
			isa = PBXProject;
			attributes = {
				BuildIndependentTargetsInParallel = 1;
				LastSwiftUpdateCheck = 1510;
				LastUpgradeCheck = 1510;
				TargetAttributes = {
					D5FD21EE2B7BD7320034E9C0 = {
						CreatedOnToolsVersion = 15.1;
					};
					D5FD22022B7BD7340034E9C0 = {
						CreatedOnToolsVersion = 15.1;
						TestTargetID = D5FD21EE2B7BD7320034E9C0;
					};
					D5FD220C2B7BD7340034E9C0 = {
						CreatedOnToolsVersion = 15.1;
						TestTargetID = D5FD21EE2B7BD7320034E9C0;
					};
				};
			};
			buildConfigurationList = D5FD21EA2B7BD7320034E9C0 /* Build configuration list for PBXProject "park" */;
			compatibilityVersion = "Xcode 14.0";
			developmentRegion = en;
			hasScannedForEncodings = 0;
			knownRegions = (
				en,
				Base,
			);
			mainGroup = D5FD21E62B7BD7320034E9C0;
			productRefGroup = D5FD21F02B7BD7320034E9C0 /* Products */;
			projectDirPath = "";
			projectRoot = "";
			targets = (
				D5FD21EE2B7BD7320034E9C0 /* park */,
				D5FD22022B7BD7340034E9C0 /* parkTests */,
				D5FD220C2B7BD7340034E9C0 /* parkUITests */,
			);
		};
/* End PBXProject section */

/* Begin PBXResourcesBuildPhase section */
		D5FD21ED2B7BD7320034E9C0 /* Resources */ = {
			isa = PBXResourcesBuildPhase;
			buildActionMask = 2147483647;
			files = (
				D5FD21FD2B7BD7330034E9C0 /* Preview Assets.xcassets in Resources */,
				D5FD21F92B7BD7330034E9C0 /* Assets.xcassets in Resources */,
			);
			runOnlyForDeploymentPostprocessing = 0;
		};
		D5FD22012B7BD7340034E9C0 /* Resources */ = {
			isa = PBXResourcesBuildPhase;
			buildActionMask = 2147483647;
			files = (
			);
			runOnlyForDeploymentPostprocessing = 0;
		};
		D5FD220B2B7BD7340034E9C0 /* Resources */ = {
			isa = PBXResourcesBuildPhase;
			buildActionMask = 2147483647;
			files = (
			);
			runOnlyForDeploymentPostprocessing = 0;
		};
/* End PBXResourcesBuildPhase section */

/* Begin PBXSourcesBuildPhase section */
		D5FD21EB2B7BD7320034E9C0 /* Sources */ = {
			isa = PBXSourcesBuildPhase;
			buildActionMask = 2147483647;
			files = (
				D5FD21F52B7BD7320034E9C0 /* ContentView.swift in Sources */,
				D5FD21F72B7BD7320034E9C0 /* Item.swift in Sources */,
				D5FD21F32B7BD7320034E9C0 /* parkApp.swift in Sources */,
			);
			runOnlyForDeploymentPostprocessing = 0;
		};
		D5FD21FF2B7BD7340034E9C0 /* Sources */ = {
			isa = PBXSourcesBuildPhase;
			buildActionMask = 2147483647;
			files = (
				D5FD22082B7BD7340034E9C0 /* parkTests.swift in Sources */,
			);
			runOnlyForDeploymentPostprocessing = 0;
		};
		D5FD22092B7BD7340034E9C0 /* Sources */ = {
			isa = PBXSourcesBuildPhase;
			buildActionMask = 2147483647;
			files = (
				D5FD22142B7BD7340034E9C0 /* parkUITestsLaunchTests.swift in Sources */,
				D5FD22122B7BD7340034E9C0 /* parkUITests.swift in Sources */,
			);
			runOnlyForDeploymentPostprocessing = 0;
		};
/* End PBXSourcesBuildPhase section */

/* Begin PBXTargetDependency section */
		D5FD22052B7BD7340034E9C0 /* PBXTargetDependency */ = {
			isa = PBXTargetDependency;
			target = D5FD21EE2B7BD7320034E9C0 /* park */;
			targetProxy = D5FD22042B7BD7340034E9C0 /* PBXContainerItemProxy */;
		};
		D5FD220F2B7BD7340034E9C0 /* PBXTargetDependency */ = {
			isa = PBXTargetDependency;
			target = D5FD21EE2B7BD7320034E9C0 /* park */;
			targetProxy = D5FD220E2B7BD7340034E9C0 /* PBXContainerItemProxy */;
		};
/* End PBXTargetDependency section */

/* Begin XCBuildConfiguration section */
		D5FD22152B7BD7340034E9C0 /* Debug */ = {
			isa = XCBuildConfiguration;
			buildSettings = {
				ALWAYS_SEARCH_USER_PATHS = NO;
				ASSETCATALOG_COMPILER_GENERATE_SWIFT_ASSET_SYMBOL_EXTENSIONS = YES;
				CLANG_ANALYZER_NONNULL = YES;
				CLANG_ANALYZER_NUMBER_OBJECT_CONVERSION = YES_AGGRESSIVE;
				CLANG_CXX_LANGUAGE_STANDARD = "gnu++20";
				CLANG_ENABLE_MODULES = YES;
				CLANG_ENABLE_OBJC_ARC = YES;
				CLANG_ENABLE_OBJC_WEAK = YES;
				CLANG_WARN_BLOCK_CAPTURE_AUTORELEASING = YES;
				CLANG_WARN_BOOL_CONVERSION = YES;
				CLANG_WARN_COMMA = YES;
				CLANG_WARN_CONSTANT_CONVERSION = YES;
				CLANG_WARN_DEPRECATED_OBJC_IMPLEMENTATIONS = YES;
				CLANG_WARN_DIRECT_OBJC_ISA_USAGE = YES_ERROR;
				CLANG_WARN_DOCUMENTATION_COMMENTS = YES;
				CLANG_WARN_EMPTY_BODY = YES;
				CLANG_WARN_ENUM_CONVERSION = YES;
				CLANG_WARN_INFINITE_RECURSION = YES;
				CLANG_WARN_INT_CONVERSION = YES;
				CLANG_WARN_NON_LITERAL_NULL_CONVERSION = YES;
				CLANG_WARN_OBJC_IMPLICIT_RETAIN_SELF = YES;
				CLANG_WARN_OBJC_LITERAL_CONVERSION = YES;
				CLANG_WARN_OBJC_ROOT_CLASS = YES_ERROR;
				CLANG_WARN_QUOTED_INCLUDE_IN_FRAMEWORK_HEADER = YES;
				CLANG_WARN_RANGE_LOOP_ANALYSIS = YES;
				CLANG_WARN_STRICT_PROTOTYPES = YES;
				CLANG_WARN_SUSPICIOUS_MOVE = YES;
				CLANG_WARN_UNGUARDED_AVAILABILITY = YES_AGGRESSIVE;
				CLANG_WARN_UNREACHABLE_CODE = YES;
				CLANG_WARN__DUPLICATE_METHOD_MATCH = YES;
				COPY_PHASE_STRIP = NO;
				DEBUG_INFORMATION_FORMAT = dwarf;
				ENABLE_STRICT_OBJC_MSGSEND = YES;
				ENABLE_TESTABILITY = YES;
				ENABLE_USER_SCRIPT_SANDBOXING = YES;
				GCC_C_LANGUAGE_STANDARD = gnu17;
				GCC_DYNAMIC_NO_PIC = NO;
				GCC_NO_COMMON_BLOCKS = YES;
				GCC_OPTIMIZATION_LEVEL = 0;
				GCC_PREPROCESSOR_DEFINITIONS = (
					"DEBUG=1",
					"$(inherited)",
				);
				GCC_WARN_64_TO_32_BIT_CONVERSION = YES;
				GCC_WARN_ABOUT_RETURN_TYPE = YES_ERROR;
				GCC_WARN_UNDECLARED_SELECTOR = YES;
				GCC_WARN_UNINITIALIZED_AUTOS = YES_AGGRESSIVE;
				GCC_WARN_UNUSED_FUNCTION = YES;
				GCC_WARN_UNUSED_VARIABLE = YES;
				LOCALIZATION_PREFERS_STRING_CATALOGS = YES;
				MTL_ENABLE_DEBUG_INFO = INCLUDE_SOURCE;
				MTL_FAST_MATH = YES;
				ONLY_ACTIVE_ARCH = YES;
				SWIFT_ACTIVE_COMPILATION_CONDITIONS = "DEBUG $(inherited)";
				SWIFT_OPTIMIZATION_LEVEL = "-Onone";
			};
			name = Debug;
		};
		D5FD22162B7BD7340034E9C0 /* Release */ = {
			isa = XCBuildConfiguration;
			buildSettings = {
				ALWAYS_SEARCH_USER_PATHS = NO;
				ASSETCATALOG_COMPILER_GENERATE_SWIFT_ASSET_SYMBOL_EXTENSIONS = YES;
				CLANG_ANALYZER_NONNULL = YES;
				CLANG_ANALYZER_NUMBER_OBJECT_CONVERSION = YES_AGGRESSIVE;
				CLANG_CXX_LANGUAGE_STANDARD = "gnu++20";
				CLANG_ENABLE_MODULES = YES;
				CLANG_ENABLE_OBJC_ARC = YES;
				CLANG_ENABLE_OBJC_WEAK = YES;
				CLANG_WARN_BLOCK_CAPTURE_AUTORELEASING = YES;
				CLANG_WARN_BOOL_CONVERSION = YES;
				CLANG_WARN_COMMA = YES;
				CLANG_WARN_CONSTANT_CONVERSION = YES;
				CLANG_WARN_DEPRECATED_OBJC_IMPLEMENTATIONS = YES;
				CLANG_WARN_DIRECT_OBJC_ISA_USAGE = YES_ERROR;
				CLANG_WARN_DOCUMENTATION_COMMENTS = YES;
				CLANG_WARN_EMPTY_BODY = YES;
				CLANG_WARN_ENUM_CONVERSION = YES;
				CLANG_WARN_INFINITE_RECURSION = YES;
				CLANG_WARN_INT_CONVERSION = YES;
				CLANG_WARN_NON_LITERAL_NULL_CONVERSION = YES;
				CLANG_WARN_OBJC_IMPLICIT_RETAIN_SELF = YES;
				CLANG_WARN_OBJC_LITERAL_CONVERSION = YES;
				CLANG_WARN_OBJC_ROOT_CLASS = YES_ERROR;
				CLANG_WARN_QUOTED_INCLUDE_IN_FRAMEWORK_HEADER = YES;
				CLANG_WARN_RANGE_LOOP_ANALYSIS = YES;
				CLANG_WARN_STRICT_PROTOTYPES = YES;
				CLANG_WARN_SUSPICIOUS_MOVE = YES;
				CLANG_WARN_UNGUARDED_AVAILABILITY = YES_AGGRESSIVE;
				CLANG_WARN_UNREACHABLE_CODE = YES;
				CLANG_WARN__DUPLICATE_METHOD_MATCH = YES;
				COPY_PHASE_STRIP = NO;
				DEBUG_INFORMATION_FORMAT = "dwarf-with-dsym";
				ENABLE_NS_ASSERTIONS = NO;
				ENABLE_STRICT_OBJC_MSGSEND = YES;
				ENABLE_USER_SCRIPT_SANDBOXING = YES;
				GCC_C_LANGUAGE_STANDARD = gnu17;
				GCC_NO_COMMON_BLOCKS = YES;
				GCC_WARN_64_TO_32_BIT_CONVERSION = YES;
				GCC_WARN_ABOUT_RETURN_TYPE = YES_ERROR;
				GCC_WARN_UNDECLARED_SELECTOR = YES;
				GCC_WARN_UNINITIALIZED_AUTOS = YES_AGGRESSIVE;
				GCC_WARN_UNUSED_FUNCTION = YES;
				GCC_WARN_UNUSED_VARIABLE = YES;
				LOCALIZATION_PREFERS_STRING_CATALOGS = YES;
				MTL_ENABLE_DEBUG_INFO = NO;
				MTL_FAST_MATH = YES;
				SWIFT_COMPILATION_MODE = wholemodule;
			};
			name = Release;
		};
		D5FD22182B7BD7340034E9C0 /* Debug */ = {
			isa = XCBuildConfiguration;
			buildSettings = {
				ASSETCATALOG_COMPILER_APPICON_NAME = AppIcon;
				ASSETCATALOG_COMPILER_GLOBAL_ACCENT_COLOR_NAME = AccentColor;
				CODE_SIGN_ENTITLEMENTS = park/park.entitlements;
				CODE_SIGN_STYLE = Automatic;
				CURRENT_PROJECT_VERSION = 1;
				DEVELOPMENT_ASSET_PATHS = "\"park/Preview Content\"";
				DEVELOPMENT_TEAM = 962B32PZSY;
				ENABLE_HARDENED_RUNTIME = YES;
				ENABLE_PREVIEWS = YES;
				GENERATE_INFOPLIST_FILE = YES;
				INFOPLIST_FILE = park/Info.plist;
				"INFOPLIST_KEY_UIApplicationSceneManifest_Generation[sdk=iphoneos*]" = YES;
				"INFOPLIST_KEY_UIApplicationSceneManifest_Generation[sdk=iphonesimulator*]" = YES;
				"INFOPLIST_KEY_UIApplicationSupportsIndirectInputEvents[sdk=iphoneos*]" = YES;
				"INFOPLIST_KEY_UIApplicationSupportsIndirectInputEvents[sdk=iphonesimulator*]" = YES;
				"INFOPLIST_KEY_UILaunchScreen_Generation[sdk=iphoneos*]" = YES;
				"INFOPLIST_KEY_UILaunchScreen_Generation[sdk=iphonesimulator*]" = YES;
				"INFOPLIST_KEY_UIStatusBarStyle[sdk=iphoneos*]" = UIStatusBarStyleDefault;
				"INFOPLIST_KEY_UIStatusBarStyle[sdk=iphonesimulator*]" = UIStatusBarStyleDefault;
				INFOPLIST_KEY_UISupportedInterfaceOrientations_iPad = "UIInterfaceOrientationPortrait UIInterfaceOrientationPortraitUpsideDown UIInterfaceOrientationLandscapeLeft UIInterfaceOrientationLandscapeRight";
				INFOPLIST_KEY_UISupportedInterfaceOrientations_iPhone = "UIInterfaceOrientationPortrait UIInterfaceOrientationLandscapeLeft UIInterfaceOrientationLandscapeRight";
				IPHONEOS_DEPLOYMENT_TARGET = 17.2;
				LD_RUNPATH_SEARCH_PATHS = "@executable_path/Frameworks";
				"LD_RUNPATH_SEARCH_PATHS[sdk=macosx*]" = "@executable_path/../Frameworks";
				MACOSX_DEPLOYMENT_TARGET = 14.0;
				MARKETING_VERSION = 1.0;
				PRODUCT_BUNDLE_IDENTIFIER = com.dmn.tech.park;
				PRODUCT_NAME = "$(TARGET_NAME)";
				SDKROOT = auto;
				SUPPORTED_PLATFORMS = "iphoneos iphonesimulator macosx";
				SWIFT_EMIT_LOC_STRINGS = YES;
				SWIFT_VERSION = 5.0;
				TARGETED_DEVICE_FAMILY = "1,2";
			};
			name = Debug;
		};
		D5FD22192B7BD7340034E9C0 /* Release */ = {
			isa = XCBuildConfiguration;
			buildSettings = {
				ASSETCATALOG_COMPILER_APPICON_NAME = AppIcon;
				ASSETCATALOG_COMPILER_GLOBAL_ACCENT_COLOR_NAME = AccentColor;
				CODE_SIGN_ENTITLEMENTS = park/park.entitlements;
				CODE_SIGN_STYLE = Automatic;
				CURRENT_PROJECT_VERSION = 1;
				DEVELOPMENT_ASSET_PATHS = "\"park/Preview Content\"";
				DEVELOPMENT_TEAM = 962B32PZSY;
				ENABLE_HARDENED_RUNTIME = YES;
				ENABLE_PREVIEWS = YES;
				GENERATE_INFOPLIST_FILE = YES;
				INFOPLIST_FILE = park/Info.plist;
				"INFOPLIST_KEY_UIApplicationSceneManifest_Generation[sdk=iphoneos*]" = YES;
				"INFOPLIST_KEY_UIApplicationSceneManifest_Generation[sdk=iphonesimulator*]" = YES;
				"INFOPLIST_KEY_UIApplicationSupportsIndirectInputEvents[sdk=iphoneos*]" = YES;
				"INFOPLIST_KEY_UIApplicationSupportsIndirectInputEvents[sdk=iphonesimulator*]" = YES;
				"INFOPLIST_KEY_UILaunchScreen_Generation[sdk=iphoneos*]" = YES;
				"INFOPLIST_KEY_UILaunchScreen_Generation[sdk=iphonesimulator*]" = YES;
				"INFOPLIST_KEY_UIStatusBarStyle[sdk=iphoneos*]" = UIStatusBarStyleDefault;
				"INFOPLIST_KEY_UIStatusBarStyle[sdk=iphonesimulator*]" = UIStatusBarStyleDefault;
				INFOPLIST_KEY_UISupportedInterfaceOrientations_iPad = "UIInterfaceOrientationPortrait UIInterfaceOrientationPortraitUpsideDown UIInterfaceOrientationLandscapeLeft UIInterfaceOrientationLandscapeRight";
				INFOPLIST_KEY_UISupportedInterfaceOrientations_iPhone = "UIInterfaceOrientationPortrait UIInterfaceOrientationLandscapeLeft UIInterfaceOrientationLandscapeRight";
				IPHONEOS_DEPLOYMENT_TARGET = 17.2;
				LD_RUNPATH_SEARCH_PATHS = "@executable_path/Frameworks";
				"LD_RUNPATH_SEARCH_PATHS[sdk=macosx*]" = "@executable_path/../Frameworks";
				MACOSX_DEPLOYMENT_TARGET = 14.0;
				MARKETING_VERSION = 1.0;
				PRODUCT_BUNDLE_IDENTIFIER = com.dmn.tech.park;
				PRODUCT_NAME = "$(TARGET_NAME)";
				SDKROOT = auto;
				SUPPORTED_PLATFORMS = "iphoneos iphonesimulator macosx";
				SWIFT_EMIT_LOC_STRINGS = YES;
				SWIFT_VERSION = 5.0;
				TARGETED_DEVICE_FAMILY = "1,2";
			};
			name = Release;
		};
		D5FD221B2B7BD7340034E9C0 /* Debug */ = {
			isa = XCBuildConfiguration;
			buildSettings = {
				ALWAYS_EMBED_SWIFT_STANDARD_LIBRARIES = YES;
				BUNDLE_LOADER = "$(TEST_HOST)";
				CODE_SIGN_STYLE = Automatic;
				CURRENT_PROJECT_VERSION = 1;
				DEVELOPMENT_TEAM = 962B32PZSY;
				GENERATE_INFOPLIST_FILE = YES;
				IPHONEOS_DEPLOYMENT_TARGET = 17.2;
				MACOSX_DEPLOYMENT_TARGET = 14.2;
				MARKETING_VERSION = 1.0;
				PRODUCT_BUNDLE_IDENTIFIER = com.dmn.tech.parkTests;
				PRODUCT_NAME = "$(TARGET_NAME)";
				SDKROOT = auto;
				SUPPORTED_PLATFORMS = "iphoneos iphonesimulator macosx";
				SWIFT_EMIT_LOC_STRINGS = NO;
				SWIFT_VERSION = 5.0;
				TARGETED_DEVICE_FAMILY = "1,2";
				TEST_HOST = "$(BUILT_PRODUCTS_DIR)/park.app/$(BUNDLE_EXECUTABLE_FOLDER_PATH)/park";
			};
			name = Debug;
		};
		D5FD221C2B7BD7340034E9C0 /* Release */ = {
			isa = XCBuildConfiguration;
			buildSettings = {
				ALWAYS_EMBED_SWIFT_STANDARD_LIBRARIES = YES;
				BUNDLE_LOADER = "$(TEST_HOST)";
				CODE_SIGN_STYLE = Automatic;
				CURRENT_PROJECT_VERSION = 1;
				DEVELOPMENT_TEAM = 962B32PZSY;
				GENERATE_INFOPLIST_FILE = YES;
				IPHONEOS_DEPLOYMENT_TARGET = 17.2;
				MACOSX_DEPLOYMENT_TARGET = 14.2;
				MARKETING_VERSION = 1.0;
				PRODUCT_BUNDLE_IDENTIFIER = com.dmn.tech.parkTests;
				PRODUCT_NAME = "$(TARGET_NAME)";
				SDKROOT = auto;
				SUPPORTED_PLATFORMS = "iphoneos iphonesimulator macosx";
				SWIFT_EMIT_LOC_STRINGS = NO;
				SWIFT_VERSION = 5.0;
				TARGETED_DEVICE_FAMILY = "1,2";
				TEST_HOST = "$(BUILT_PRODUCTS_DIR)/park.app/$(BUNDLE_EXECUTABLE_FOLDER_PATH)/park";
			};
			name = Release;
		};
		D5FD221E2B7BD7340034E9C0 /* Debug */ = {
			isa = XCBuildConfiguration;
			buildSettings = {
				ALWAYS_EMBED_SWIFT_STANDARD_LIBRARIES = YES;
				CODE_SIGN_STYLE = Automatic;
				CURRENT_PROJECT_VERSION = 1;
				DEVELOPMENT_TEAM = 962B32PZSY;
				GENERATE_INFOPLIST_FILE = YES;
				IPHONEOS_DEPLOYMENT_TARGET = 17.2;
				MACOSX_DEPLOYMENT_TARGET = 14.2;
				MARKETING_VERSION = 1.0;
				PRODUCT_BUNDLE_IDENTIFIER = com.dmn.tech.parkUITests;
				PRODUCT_NAME = "$(TARGET_NAME)";
				SDKROOT = auto;
				SUPPORTED_PLATFORMS = "iphoneos iphonesimulator macosx";
				SWIFT_EMIT_LOC_STRINGS = NO;
				SWIFT_VERSION = 5.0;
				TARGETED_DEVICE_FAMILY = "1,2";
				TEST_TARGET_NAME = park;
			};
			name = Debug;
		};
		D5FD221F2B7BD7340034E9C0 /* Release */ = {
			isa = XCBuildConfiguration;
			buildSettings = {
				ALWAYS_EMBED_SWIFT_STANDARD_LIBRARIES = YES;
				CODE_SIGN_STYLE = Automatic;
				CURRENT_PROJECT_VERSION = 1;
				DEVELOPMENT_TEAM = 962B32PZSY;
				GENERATE_INFOPLIST_FILE = YES;
				IPHONEOS_DEPLOYMENT_TARGET = 17.2;
				MACOSX_DEPLOYMENT_TARGET = 14.2;
				MARKETING_VERSION = 1.0;
				PRODUCT_BUNDLE_IDENTIFIER = com.dmn.tech.parkUITests;
				PRODUCT_NAME = "$(TARGET_NAME)";
				SDKROOT = auto;
				SUPPORTED_PLATFORMS = "iphoneos iphonesimulator macosx";
				SWIFT_EMIT_LOC_STRINGS = NO;
				SWIFT_VERSION = 5.0;
				TARGETED_DEVICE_FAMILY = "1,2";
				TEST_TARGET_NAME = park;
			};
			name = Release;
		};
/* End XCBuildConfiguration section */

/* Begin XCConfigurationList section */
		D5FD21EA2B7BD7320034E9C0 /* Build configuration list for PBXProject "park" */ = {
			isa = XCConfigurationList;
			buildConfigurations = (
				D5FD22152B7BD7340034E9C0 /* Debug */,
				D5FD22162B7BD7340034E9C0 /* Release */,
			);
			defaultConfigurationIsVisible = 0;
			defaultConfigurationName = Release;
		};
		D5FD22172B7BD7340034E9C0 /* Build configuration list for PBXNativeTarget "park" */ = {
			isa = XCConfigurationList;
			buildConfigurations = (
				D5FD22182B7BD7340034E9C0 /* Debug */,
				D5FD22192B7BD7340034E9C0 /* Release */,
			);
			defaultConfigurationIsVisible = 0;
			defaultConfigurationName = Release;
		};
		D5FD221A2B7BD7340034E9C0 /* Build configuration list for PBXNativeTarget "parkTests" */ = {
			isa = XCConfigurationList;
			buildConfigurations = (
				D5FD221B2B7BD7340034E9C0 /* Debug */,
				D5FD221C2B7BD7340034E9C0 /* Release */,
			);
			defaultConfigurationIsVisible = 0;
			defaultConfigurationName = Release;
		};
		D5FD221D2B7BD7340034E9C0 /* Build configuration list for PBXNativeTarget "parkUITests" */ = {
			isa = XCConfigurationList;
			buildConfigurations = (
				D5FD221E2B7BD7340034E9C0 /* Debug */,
				D5FD221F2B7BD7340034E9C0 /* Release */,
			);
			defaultConfigurationIsVisible = 0;
			defaultConfigurationName = Release;
		};
/* End XCConfigurationList section */
	};
	rootObject = D5FD21E72B7BD7320034E9C0 /* Project object */;
}
